# This file is generated by running "yarn install" inside your project.
# Manual changes might be lost - proceed with caution!

__metadata:
  version: 8
  cacheKey: 10c0

"ts@workspace:.":
  version: 0.0.0-use.local
  resolution: "ts@workspace:."
  dependencies:
    typescript: "npm:^5.8.3"
  languageName: unknown
  linkType: soft

"typescript@npm:^5.8.3":
  version: 5.8.3
  resolution: "typescript@npm:5.8.3"
  bin:
    tsc: bin/tsc
    tsserver: bin/tsserver
  checksum: 10c0/5f8bb01196e542e64d44db3d16ee0e4063ce4f3e3966df6005f2588e86d91c03e1fb131c2581baf0fb65ee79669eea6e161cd448178986587e9f6844446dbb48
  languageName: node
  linkType: hard

"typescript@patch:typescript@npm%3A^5.8.3#optional!builtin<compat/typescript>":
  version: 5.8.3
  resolution: "typescript@patch:typescript@npm%3A5.8.3#optional!builtin<compat/typescript>::version=5.8.3&hash=8c6c40"
  bin:
    tsc: bin/tsc
    tsserver: bin/tsserver
  checksum: 10c0/92ea03509e06598948559ddcdd8a4ae5a7ab475766d5589f1b796f5731b3d631a4c7ddfb86a3bd44d58d10102b132cd4b4994dda9b63e6273c66d77d6a271dbd
  languageName: node
  linkType: hard
